
Microsoft Visual Studio Solution File, Format Version 12.00
# Visual Studio Version 17
VisualStudioVersion = 17.8.34330.188
MinimumVisualStudioVersion = 10.0.40219.1
Project("{8BC9CEB8-8B4A-11D0-8D11-00A0C91BC942}") = "Sandbox", "Sandbox\Sandbox.vcxproj", "{CFFD3192-EB5D-45DA-8A7E-854439CAAE99}"
EndProject
Project("{8BC9CEB8-8B4A-11D0-8D11-00A0C91BC942}") = "Mika", "Mika\Mika.vcxproj", "{626BF95A-E97F-497F-8B99-E2822D9F8720}"
EndProject
Global
	GlobalSection(SolutionConfigurationPlatforms) = preSolution
		Debug|x64 = Debug|x64
		Release|x64 = Release|x64
	EndGlobalSection
	GlobalSection(ProjectConfigurationPlatforms) = postSolution
		{CFFD3192-EB5D-45DA-8A7E-854439CAAE99}.Debug|x64.ActiveCfg = Debug|x64
		{CFFD3192-EB5D-45DA-8A7E-854439CAAE99}.Debug|x64.Build.0 = Debug|x64
		{CFFD3192-EB5D-45DA-8A7E-854439CAAE99}.Release|x64.ActiveCfg = Release|x64
		{CFFD3192-EB5D-45DA-8A7E-854439CAAE99}.Release|x64.Build.0 = Release|x64
		{626BF95A-E97F-497F-8B99-E2822D9F8720}.Debug|x64.ActiveCfg = Debug|x64
		{626BF95A-E97F-497F-8B99-E2822D9F8720}.Debug|x64.Build.0 = Debug|x64
		{626BF95A-E97F-497F-8B99-E2822D9F8720}.Release|x64.ActiveCfg = Release|x64
		{626BF95A-E97F-497F-8B99-E2822D9F8720}.Release|x64.Build.0 = Release|x64
	EndGlobalSection
	GlobalSection(SolutionProperties) = preSolution
		HideSolutionNode = FALSE
	EndGlobalSection
	GlobalSection(ExtensibilityGlobals) = postSolution
		SolutionGuid = {2834D937-F533-407D-A8C4-D6214D1F8389}
	EndGlobalSection
EndGlobal
