<?xml version="1.0" encoding="utf-8"?>
<Project ToolsVersion="4.0" xmlns="http://schemas.microsoft.com/developer/msbuild/2003">
  <ItemGroup>
    <Filter Include="Mika">
      <UniqueIdentifier>{8715897C-734C-8A0D-1C39-7010084F060F}</UniqueIdentifier>
    </Filter>
  </ItemGroup>
  <ItemGroup>
    <ClInclude Include="src\Mika.h" />
    <ClInclude Include="src\Mika\Application.h">
      <Filter>Mika</Filter>
    </ClInclude>
    <ClInclude Include="src\Mika\Core.h">
      <Filter>Mika</Filter>
    </ClInclude>
    <ClInclude Include="src\Mika\EntryPoint.h">
      <Filter>Mika</Filter>
    </ClInclude>
    <ClInclude Include="src\Mika\Log.h">
      <Filter>Mika</Filter>
    </ClInclude>
  </ItemGroup>
  <ItemGroup>
    <ClCompile Include="src\Mika\Application.cpp">
      <Filter>Mika</Filter>
    </ClCompile>
    <ClCompile Include="src\Mika\Log.cpp">
      <Filter>Mika</Filter>
    </ClCompile>
  </ItemGroup>
</Project>