<?xml version="1.0" encoding="utf-8"?>
<Project ToolsVersion="4.0" xmlns="http://schemas.microsoft.com/developer/msbuild/2003">
  <ItemGroup>
    <Filter Include="Mika">
      <UniqueIdentifier>{8715897C-734C-8A0D-1C39-7010084F060F}</UniqueIdentifier>
    </Filter>
    <Filter Include="Mika\Events">
      <UniqueIdentifier>{8B630CB1-F718-85A6-800D-7F7DECC17BAA}</UniqueIdentifier>
    </Filter>
    <Filter Include="Platform">
      <UniqueIdentifier>{2AC788B4-1694-E3BF-3FAD-D1672BD9184E}</UniqueIdentifier>
    </Filter>
    <Filter Include="Platform\Windows">
      <UniqueIdentifier>{64FBD71A-50F4-F66C-7926-DCF1657ED678}</UniqueIdentifier>
    </Filter>
  </ItemGroup>
  <ItemGroup>
    <ClInclude Include="src\Mika.h" />
    <ClInclude Include="src\Mika\Application.h">
      <Filter>Mika</Filter>
    </ClInclude>
    <ClInclude Include="src\Mika\Core.h">
      <Filter>Mika</Filter>
    </ClInclude>
    <ClInclude Include="src\Mika\EntryPoint.h">
      <Filter>Mika</Filter>
    </ClInclude>
    <ClInclude Include="src\Mika\Events\ApplicationEvent.h">
      <Filter>Mika\Events</Filter>
    </ClInclude>
    <ClInclude Include="src\Mika\Events\Event.h">
      <Filter>Mika\Events</Filter>
    </ClInclude>
    <ClInclude Include="src\Mika\Events\KeyEvent.h">
      <Filter>Mika\Events</Filter>
    </ClInclude>
    <ClInclude Include="src\Mika\Events\MouseEvent.h">
      <Filter>Mika\Events</Filter>
    </ClInclude>
    <ClInclude Include="src\Mika\Log.h">
      <Filter>Mika</Filter>
    </ClInclude>
    <ClInclude Include="src\Mika\Window.h">
      <Filter>Mika</Filter>
    </ClInclude>
    <ClInclude Include="src\Platform\Windows\WindowsWindow.h">
      <Filter>Platform\Windows</Filter>
    </ClInclude>
    <ClInclude Include="src\mkpch.h" />
  </ItemGroup>
  <ItemGroup>
    <ClCompile Include="src\Mika\Application.cpp">
      <Filter>Mika</Filter>
    </ClCompile>
    <ClCompile Include="src\Mika\Log.cpp">
      <Filter>Mika</Filter>
    </ClCompile>
    <ClCompile Include="src\Platform\Windows\WindowsWindow.cpp">
      <Filter>Platform\Windows</Filter>
    </ClCompile>
    <ClCompile Include="src\mkpch.cpp" />
  </ItemGroup>
</Project>